
Microsoft Visual Studio Solution File, Format Version 12.00
# Visual Studio Version 16
VisualStudioVersion = 16.0.30804.86
MinimumVisualStudioVersion = 10.0.40219.1
Project("{FAE04EC0-301F-11D3-BF4B-00C04F79EFBC}") = "ConsoleApp1", "ConsoleApp1\ConsoleApp1.csproj", "{1DB15F69-29C8-4FD4-8D67-2558AABA60DF}"
EndProject
Project("{9A19103F-16F7-4668-BE54-9A1E7A4F7556}") = "Eruru.TextCommand", "Eruru.TextCommand\Eruru.TextCommand.csproj", "{E597B196-D138-4724-9771-9FE86FFA86B9}"
EndProject
Project("{FAE04EC0-301F-11D3-BF4B-00C04F79EFBC}") = "UnitTestProject1", "UnitTestProject1\UnitTestProject1.csproj", "{0025CEF3-4F76-44AC-B9D4-96746262E1A0}"
EndProject
Global
	GlobalSection(SolutionConfigurationPlatforms) = preSolution
		Debug|Any CPU = Debug|Any CPU
		Debug|x86 = Debug|x86
		Release|Any CPU = Release|Any CPU
		Release|x86 = Release|x86
	EndGlobalSection
	GlobalSection(ProjectConfigurationPlatforms) = postSolution
		{1DB15F69-29C8-4FD4-8D67-2558AABA60DF}.Debug|Any CPU.ActiveCfg = Debug|Any CPU
		{1DB15F69-29C8-4FD4-8D67-2558AABA60DF}.Debug|Any CPU.Build.0 = Debug|Any CPU
		{1DB15F69-29C8-4FD4-8D67-2558AABA60DF}.Debug|x86.ActiveCfg = Debug|Any CPU
		{1DB15F69-29C8-4FD4-8D67-2558AABA60DF}.Debug|x86.Build.0 = Debug|Any CPU
		{1DB15F69-29C8-4FD4-8D67-2558AABA60DF}.Release|Any CPU.ActiveCfg = Release|Any CPU
		{1DB15F69-29C8-4FD4-8D67-2558AABA60DF}.Release|Any CPU.Build.0 = Release|Any CPU
		{1DB15F69-29C8-4FD4-8D67-2558AABA60DF}.Release|x86.ActiveCfg = Release|Any CPU
		{1DB15F69-29C8-4FD4-8D67-2558AABA60DF}.Release|x86.Build.0 = Release|Any CPU
		{E597B196-D138-4724-9771-9FE86FFA86B9}.Debug|Any CPU.ActiveCfg = Debug|Any CPU
		{E597B196-D138-4724-9771-9FE86FFA86B9}.Debug|Any CPU.Build.0 = Debug|Any CPU
		{E597B196-D138-4724-9771-9FE86FFA86B9}.Debug|x86.ActiveCfg = Debug|Any CPU
		{E597B196-D138-4724-9771-9FE86FFA86B9}.Debug|x86.Build.0 = Debug|Any CPU
		{E597B196-D138-4724-9771-9FE86FFA86B9}.Release|Any CPU.ActiveCfg = Release|Any CPU
		{E597B196-D138-4724-9771-9FE86FFA86B9}.Release|Any CPU.Build.0 = Release|Any CPU
		{E597B196-D138-4724-9771-9FE86FFA86B9}.Release|x86.ActiveCfg = Release|Any CPU
		{E597B196-D138-4724-9771-9FE86FFA86B9}.Release|x86.Build.0 = Release|Any CPU
		{0025CEF3-4F76-44AC-B9D4-96746262E1A0}.Debug|Any CPU.ActiveCfg = Debug|Any CPU
		{0025CEF3-4F76-44AC-B9D4-96746262E1A0}.Debug|Any CPU.Build.0 = Debug|Any CPU
		{0025CEF3-4F76-44AC-B9D4-96746262E1A0}.Debug|x86.ActiveCfg = Debug|Any CPU
		{0025CEF3-4F76-44AC-B9D4-96746262E1A0}.Debug|x86.Build.0 = Debug|Any CPU
		{0025CEF3-4F76-44AC-B9D4-96746262E1A0}.Release|Any CPU.ActiveCfg = Release|Any CPU
		{0025CEF3-4F76-44AC-B9D4-96746262E1A0}.Release|Any CPU.Build.0 = Release|Any CPU
		{0025CEF3-4F76-44AC-B9D4-96746262E1A0}.Release|x86.ActiveCfg = Release|Any CPU
		{0025CEF3-4F76-44AC-B9D4-96746262E1A0}.Release|x86.Build.0 = Release|Any CPU
	EndGlobalSection
	GlobalSection(SolutionProperties) = preSolution
		HideSolutionNode = FALSE
	EndGlobalSection
	GlobalSection(ExtensibilityGlobals) = postSolution
		SolutionGuid = {5442D19D-E342-4B4F-9E59-4EC6F3309F52}
	EndGlobalSection
EndGlobal
